// !$*UTF8*$!
{
	archiveVersion = 1;
	classes = {
	};
	objectVersion = 46;
	objects = {

/* Begin PBXBuildFile section */
		337B43991DB2F173000A187F /* AppDelegate.swift in Sources */ = {isa = PBXBuildFile; fileRef = 337B43981DB2F173000A187F /* AppDelegate.swift */; };
		337B439B1DB2F173000A187F /* ViewController.swift in Sources */ = {isa = PBXBuildFile; fileRef = 337B439A1DB2F173000A187F /* ViewController.swift */; };
		337B439E1DB2F173000A187F /* Main.storyboard in Resources */ = {isa = PBXBuildFile; fileRef = 337B439C1DB2F173000A187F /* Main.storyboard */; };
		337B43A01DB2F173000A187F /* Assets.xcassets in Resources */ = {isa = PBXBuildFile; fileRef = 337B439F1DB2F173000A187F /* Assets.xcassets */; };
		337B43A31DB2F173000A187F /* LaunchScreen.storyboard in Resources */ = {isa = PBXBuildFile; fileRef = 337B43A11DB2F173000A187F /* LaunchScreen.storyboard */; };
		337B43AC1DB2F182000A187F /* MapKit.framework in Frameworks */ = {isa = PBXBuildFile; fileRef = 337B43AB1DB2F182000A187F /* MapKit.framework */; };
		337B43B51DB2F1CF000A187F /* france.png in Resources */ = {isa = PBXBuildFile; fileRef = 337B43AE1DB2F1CF000A187F /* france.png */; };
		337B43B61DB2F1CF000A187F /* germany.png in Resources */ = {isa = PBXBuildFile; fileRef = 337B43AF1DB2F1CF000A187F /* germany.png */; };
		337B43B71DB2F1CF000A187F /* ireland.png in Resources */ = {isa = PBXBuildFile; fileRef = 337B43B01DB2F1CF000A187F /* ireland.png */; };
		337B43B81DB2F1CF000A187F /* netherlands.png in Resources */ = {isa = PBXBuildFile; fileRef = 337B43B11DB2F1CF000A187F /* netherlands.png */; };
		337B43B91DB2F1CF000A187F /* portugal.png in Resources */ = {isa = PBXBuildFile; fileRef = 337B43B21DB2F1CF000A187F /* portugal.png */; };
		337B43BA1DB2F1CF000A187F /* spain.png in Resources */ = {isa = PBXBuildFile; fileRef = 337B43B31DB2F1CF000A187F /* spain.png */; };
		337B43BB1DB2F1CF000A187F /* uk.png in Resources */ = {isa = PBXBuildFile; fileRef = 337B43B41DB2F1CF000A187F /* uk.png */; };
		337B43BF1DB2F267000A187F /* Country.swift in Sources */ = {isa = PBXBuildFile; fileRef = 337B43BE1DB2F267000A187F /* Country.swift */; };
		337B43C51DB2F758000A187F /* Localizable.strings in Resources */ = {isa = PBXBuildFile; fileRef = 337B43C71DB2F758000A187F /* Localizable.strings */; };
		337B43CB1DB2FE3E000A187F /* countrydata.plist in Resources */ = {isa = PBXBuildFile; fileRef = 337B43CD1DB2FE3E000A187F /* countrydata.plist */; };
/* End PBXBuildFile section */

/* Begin PBXFileReference section */
		337B43951DB2F173000A187F /* plist3.app */ = {isa = PBXFileReference; explicitFileType = wrapper.application; includeInIndex = 0; path = plist3.app; sourceTree = BUILT_PRODUCTS_DIR; };
		337B43981DB2F173000A187F /* AppDelegate.swift */ = {isa = PBXFileReference; lastKnownFileType = sourcecode.swift; path = AppDelegate.swift; sourceTree = "<group>"; };
		337B439A1DB2F173000A187F /* ViewController.swift */ = {isa = PBXFileReference; lastKnownFileType = sourcecode.swift; path = ViewController.swift; sourceTree = "<group>"; };
		337B439D1DB2F173000A187F /* Base */ = {isa = PBXFileReference; lastKnownFileType = file.storyboard; name = Base; path = Base.lproj/Main.storyboard; sourceTree = "<group>"; };
		337B439F1DB2F173000A187F /* Assets.xcassets */ = {isa = PBXFileReference; lastKnownFileType = folder.assetcatalog; path = Assets.xcassets; sourceTree = "<group>"; };
		337B43A21DB2F173000A187F /* Base */ = {isa = PBXFileReference; lastKnownFileType = file.storyboard; name = Base; path = Base.lproj/LaunchScreen.storyboard; sourceTree = "<group>"; };
		337B43A41DB2F173000A187F /* Info.plist */ = {isa = PBXFileReference; lastKnownFileType = text.plist.xml; path = Info.plist; sourceTree = "<group>"; };
		337B43AB1DB2F182000A187F /* MapKit.framework */ = {isa = PBXFileReference; lastKnownFileType = wrapper.framework; name = MapKit.framework; path = System/Library/Frameworks/MapKit.framework; sourceTree = SDKROOT; };
		337B43AE1DB2F1CF000A187F /* france.png */ = {isa = PBXFileReference; lastKnownFileType = image.png; path = france.png; sourceTree = "<group>"; };
		337B43AF1DB2F1CF000A187F /* germany.png */ = {isa = PBXFileReference; lastKnownFileType = image.png; path = germany.png; sourceTree = "<group>"; };
		337B43B01DB2F1CF000A187F /* ireland.png */ = {isa = PBXFileReference; lastKnownFileType = image.png; path = ireland.png; sourceTree = "<group>"; };
		337B43B11DB2F1CF000A187F /* netherlands.png */ = {isa = PBXFileReference; lastKnownFileType = image.png; path = netherlands.png; sourceTree = "<group>"; };
		337B43B21DB2F1CF000A187F /* portugal.png */ = {isa = PBXFileReference; lastKnownFileType = image.png; path = portugal.png; sourceTree = "<group>"; };
		337B43B31DB2F1CF000A187F /* spain.png */ = {isa = PBXFileReference; lastKnownFileType = image.png; path = spain.png; sourceTree = "<group>"; };
		337B43B41DB2F1CF000A187F /* uk.png */ = {isa = PBXFileReference; lastKnownFileType = image.png; path = uk.png; sourceTree = "<group>"; };
		337B43BE1DB2F267000A187F /* Country.swift */ = {isa = PBXFileReference; fileEncoding = 4; lastKnownFileType = sourcecode.swift; path = Country.swift; sourceTree = "<group>"; };
		337B43C01DB2F56C000A187F /* fr */ = {isa = PBXFileReference; lastKnownFileType = text.plist.strings; name = fr; path = fr.lproj/Main.strings; sourceTree = "<group>"; };
		337B43C11DB2F577000A187F /* de */ = {isa = PBXFileReference; lastKnownFileType = text.plist.strings; name = de; path = de.lproj/Main.strings; sourceTree = "<group>"; };
		337B43C21DB2F580000A187F /* nl */ = {isa = PBXFileReference; lastKnownFileType = text.plist.strings; name = nl; path = nl.lproj/Main.strings; sourceTree = "<group>"; };
		337B43C61DB2F758000A187F /* en */ = {isa = PBXFileReference; lastKnownFileType = text.plist.strings; name = en; path = en.lproj/Localizable.strings; sourceTree = "<group>"; };
		337B43C81DB2F778000A187F /* fr */ = {isa = PBXFileReference; lastKnownFileType = text.plist.strings; name = fr; path = fr.lproj/Localizable.strings; sourceTree = "<group>"; };
		337B43C91DB2F779000A187F /* de */ = {isa = PBXFileReference; lastKnownFileType = text.plist.strings; name = de; path = de.lproj/Localizable.strings; sourceTree = "<group>"; };
		337B43CA1DB2F77B000A187F /* nl */ = {isa = PBXFileReference; lastKnownFileType = text.plist.strings; name = nl; path = nl.lproj/Localizable.strings; sourceTree = "<group>"; };
		337B43CC1DB2FE3E000A187F /* en */ = {isa = PBXFileReference; lastKnownFileType = text.plist.xml; name = en; path = en.lproj/countrydata.plist; sourceTree = "<group>"; };
		337B43CE1DB2FE43000A187F /* fr */ = {isa = PBXFileReference; lastKnownFileType = text.plist.xml; name = fr; path = fr.lproj/countrydata.plist; sourceTree = "<group>"; };
		337B43CF1DB2FE47000A187F /* de */ = {isa = PBXFileReference; lastKnownFileType = text.plist.xml; name = de; path = de.lproj/countrydata.plist; sourceTree = "<group>"; };
		337B43D01DB2FE48000A187F /* nl */ = {isa = PBXFileReference; lastKnownFileType = text.plist.xml; name = nl; path = nl.lproj/countrydata.plist; sourceTree = "<group>"; };
/* End PBXFileReference section */

/* Begin PBXFrameworksBuildPhase section */
		337B43921DB2F173000A187F /* Frameworks */ = {
			isa = PBXFrameworksBuildPhase;
			buildActionMask = 2147483647;
			files = (
				337B43AC1DB2F182000A187F /* MapKit.framework in Frameworks */,
			);
			runOnlyForDeploymentPostprocessing = 0;
		};
/* End PBXFrameworksBuildPhase section */

/* Begin PBXGroup section */
		337B438C1DB2F173000A187F = {
			isa = PBXGroup;
			children = (
				337B43971DB2F173000A187F /* plist3 */,
				337B43961DB2F173000A187F /* Products */,
				337B43AA1DB2F182000A187F /* Frameworks */,
			);
			sourceTree = "<group>";
		};
		337B43961DB2F173000A187F /* Products */ = {
			isa = PBXGroup;
			children = (
				337B43951DB2F173000A187F /* plist3.app */,
			);
			name = Products;
			sourceTree = "<group>";
		};
		337B43971DB2F173000A187F /* plist3 */ = {
			isa = PBXGroup;
			children = (
				337B43981DB2F173000A187F /* AppDelegate.swift */,
				337B439A1DB2F173000A187F /* ViewController.swift */,
				337B43BE1DB2F267000A187F /* Country.swift */,
				337B439C1DB2F173000A187F /* Main.storyboard */,
				337B43C71DB2F758000A187F /* Localizable.strings */,
				337B439F1DB2F173000A187F /* Assets.xcassets */,
				337B43A11DB2F173000A187F /* LaunchScreen.storyboard */,
				337B43CD1DB2FE3E000A187F /* countrydata.plist */,
				337B43AD1DB2F1CF000A187F /* flags */,
				337B43A41DB2F173000A187F /* Info.plist */,
			);
			path = plist3;
			sourceTree = "<group>";
		};
		337B43AA1DB2F182000A187F /* Frameworks */ = {
			isa = PBXGroup;
			children = (
				337B43AB1DB2F182000A187F /* MapKit.framework */,
			);
			name = Frameworks;
			sourceTree = "<group>";
		};
		337B43AD1DB2F1CF000A187F /* flags */ = {
			isa = PBXGroup;
			children = (
				337B43AE1DB2F1CF000A187F /* france.png */,
				337B43AF1DB2F1CF000A187F /* germany.png */,
				337B43B01DB2F1CF000A187F /* ireland.png */,
				337B43B11DB2F1CF000A187F /* netherlands.png */,
				337B43B21DB2F1CF000A187F /* portugal.png */,
				337B43B31DB2F1CF000A187F /* spain.png */,
				337B43B41DB2F1CF000A187F /* uk.png */,
			);
			path = flags;
			sourceTree = "<group>";
		};
/* End PBXGroup section */

/* Begin PBXNativeTarget section */
		337B43941DB2F173000A187F /* plist3 */ = {
			isa = PBXNativeTarget;
			buildConfigurationList = 337B43A71DB2F173000A187F /* Build configuration list for PBXNativeTarget "plist3" */;
			buildPhases = (
				337B43911DB2F173000A187F /* Sources */,
				337B43921DB2F173000A187F /* Frameworks */,
				337B43931DB2F173000A187F /* Resources */,
			);
			buildRules = (
			);
			dependencies = (
			);
			name = plist3;
			productName = plist3;
			productReference = 337B43951DB2F173000A187F /* plist3.app */;
			productType = "com.apple.product-type.application";
		};
/* End PBXNativeTarget section */

/* Begin PBXProject section */
		337B438D1DB2F173000A187F /* Project object */ = {
			isa = PBXProject;
			attributes = {
				LastSwiftUpdateCheck = 0800;
				LastUpgradeCheck = 0800;
				ORGANIZATIONNAME = cdmackenzie;
				TargetAttributes = {
					337B43941DB2F173000A187F = {
						CreatedOnToolsVersion = 8.0;
						DevelopmentTeam = M75P83B9SJ;
						ProvisioningStyle = Automatic;
						SystemCapabilities = {
							com.apple.Maps.iOS = {
								enabled = 1;
							};
						};
					};
				};
			};
			buildConfigurationList = 337B43901DB2F173000A187F /* Build configuration list for PBXProject "plist3" */;
			compatibilityVersion = "Xcode 3.2";
			developmentRegion = English;
			hasScannedForEncodings = 0;
			knownRegions = (
				en,
				Base,
				fr,
				de,
				nl,
			);
			mainGroup = 337B438C1DB2F173000A187F;
			productRefGroup = 337B43961DB2F173000A187F /* Products */;
			projectDirPath = "";
			projectRoot = "";
			targets = (
				337B43941DB2F173000A187F /* plist3 */,
			);
		};
/* End PBXProject section */

/* Begin PBXResourcesBuildPhase section */
		337B43931DB2F173000A187F /* Resources */ = {
			isa = PBXResourcesBuildPhase;
			buildActionMask = 2147483647;
			files = (
				337B43B51DB2F1CF000A187F /* france.png in Resources */,
				337B43C51DB2F758000A187F /* Localizable.strings in Resources */,
				337B43BA1DB2F1CF000A187F /* spain.png in Resources */,
				337B43A31DB2F173000A187F /* LaunchScreen.storyboard in Resources */,
				337B43B81DB2F1CF000A187F /* netherlands.png in Resources */,
				337B43CB1DB2FE3E000A187F /* countrydata.plist in Resources */,
				337B43A01DB2F173000A187F /* Assets.xcassets in Resources */,
				337B43BB1DB2F1CF000A187F /* uk.png in Resources */,
				337B43B71DB2F1CF000A187F /* ireland.png in Resources */,
				337B43B91DB2F1CF000A187F /* portugal.png in Resources */,
				337B439E1DB2F173000A187F /* Main.storyboard in Resources */,
				337B43B61DB2F1CF000A187F /* germany.png in Resources */,
			);
			runOnlyForDeploymentPostprocessing = 0;
		};
/* End PBXResourcesBuildPhase section */

/* Begin PBXSourcesBuildPhase section */
		337B43911DB2F173000A187F /* Sources */ = {
			isa = PBXSourcesBuildPhase;
			buildActionMask = 2147483647;
			files = (
				337B439B1DB2F173000A187F /* ViewController.swift in Sources */,
				337B43BF1DB2F267000A187F /* Country.swift in Sources */,
				337B43991DB2F173000A187F /* AppDelegate.swift in Sources */,
			);
			runOnlyForDeploymentPostprocessing = 0;
		};
/* End PBXSourcesBuildPhase section */

/* Begin PBXVariantGroup section */
		337B439C1DB2F173000A187F /* Main.storyboard */ = {
			isa = PBXVariantGroup;
			children = (
				337B439D1DB2F173000A187F /* Base */,
				337B43C01DB2F56C000A187F /* fr */,
				337B43C11DB2F577000A187F /* de */,
				337B43C21DB2F580000A187F /* nl */,
			);
			name = Main.storyboard;
			sourceTree = "<group>";
		};
		337B43A11DB2F173000A187F /* LaunchScreen.storyboard */ = {
			isa = PBXVariantGroup;
			children = (
				337B43A21DB2F173000A187F /* Base */,
			);
			name = LaunchScreen.storyboard;
			sourceTree = "<group>";
		};
		337B43C71DB2F758000A187F /* Localizable.strings */ = {
			isa = PBXVariantGroup;
			children = (
				337B43C61DB2F758000A187F /* en */,
				337B43C81DB2F778000A187F /* fr */,
				337B43C91DB2F779000A187F /* de */,
				337B43CA1DB2F77B000A187F /* nl */,
			);
			name = Localizable.strings;
			sourceTree = "<group>";
		};
		337B43CD1DB2FE3E000A187F /* countrydata.plist */ = {
			isa = PBXVariantGroup;
			children = (
				337B43CC1DB2FE3E000A187F /* en */,
				337B43CE1DB2FE43000A187F /* fr */,
				337B43CF1DB2FE47000A187F /* de */,
				337B43D01DB2FE48000A187F /* nl */,
			);
			name = countrydata.plist;
			sourceTree = "<group>";
		};
/* End PBXVariantGroup section */

/* Begin XCBuildConfiguration section */
		337B43A51DB2F173000A187F /* Debug */ = {
			isa = XCBuildConfiguration;
			buildSettings = {
				ALWAYS_SEARCH_USER_PATHS = NO;
				CLANG_ANALYZER_LOCALIZABILITY_NONLOCALIZED = YES;
				CLANG_ANALYZER_NONNULL = YES;
				CLANG_CXX_LANGUAGE_STANDARD = "gnu++0x";
				CLANG_CXX_LIBRARY = "libc++";
				CLANG_ENABLE_MODULES = YES;
				CLANG_ENABLE_OBJC_ARC = YES;
				CLANG_WARN_BOOL_CONVERSION = YES;
				CLANG_WARN_CONSTANT_CONVERSION = YES;
				CLANG_WARN_DIRECT_OBJC_ISA_USAGE = YES_ERROR;
				CLANG_WARN_DOCUMENTATION_COMMENTS = YES;
				CLANG_WARN_EMPTY_BODY = YES;
				CLANG_WARN_ENUM_CONVERSION = YES;
				CLANG_WARN_INFINITE_RECURSION = YES;
				CLANG_WARN_INT_CONVERSION = YES;
				CLANG_WARN_OBJC_ROOT_CLASS = YES_ERROR;
				CLANG_WARN_SUSPICIOUS_MOVES = YES;
				CLANG_WARN_UNREACHABLE_CODE = YES;
				CLANG_WARN__DUPLICATE_METHOD_MATCH = YES;
				"CODE_SIGN_IDENTITY[sdk=iphoneos*]" = "iPhone Developer";
				COPY_PHASE_STRIP = NO;
				DEBUG_INFORMATION_FORMAT = dwarf;
				ENABLE_STRICT_OBJC_MSGSEND = YES;
				ENABLE_TESTABILITY = YES;
				GCC_C_LANGUAGE_STANDARD = gnu99;
				GCC_DYNAMIC_NO_PIC = NO;
				GCC_NO_COMMON_BLOCKS = YES;
				GCC_OPTIMIZATION_LEVEL = 0;
				GCC_PREPROCESSOR_DEFINITIONS = (
					"DEBUG=1",
					"$(inherited)",
				);
				GCC_WARN_64_TO_32_BIT_CONVERSION = YES;
				GCC_WARN_ABOUT_RETURN_TYPE = YES_ERROR;
				GCC_WARN_UNDECLARED_SELECTOR = YES;
				GCC_WARN_UNINITIALIZED_AUTOS = YES_AGGRESSIVE;
				GCC_WARN_UNUSED_FUNCTION = YES;
				GCC_WARN_UNUSED_VARIABLE = YES;
				IPHONEOS_DEPLOYMENT_TARGET = 10.0;
				MTL_ENABLE_DEBUG_INFO = YES;
				ONLY_ACTIVE_ARCH = YES;
				SDKROOT = iphoneos;
				SWIFT_ACTIVE_COMPILATION_CONDITIONS = DEBUG;
				SWIFT_OPTIMIZATION_LEVEL = "-Onone";
				TARGETED_DEVICE_FAMILY = "1,2";
			};
			name = Debug;
		};
		337B43A61DB2F173000A187F /* Release */ = {
			isa = XCBuildConfiguration;
			buildSettings = {
				ALWAYS_SEARCH_USER_PATHS = NO;
				CLANG_ANALYZER_LOCALIZABILITY_NONLOCALIZED = YES;
				CLANG_ANALYZER_NONNULL = YES;
				CLANG_CXX_LANGUAGE_STANDARD = "gnu++0x";
				CLANG_CXX_LIBRARY = "libc++";
				CLANG_ENABLE_MODULES = YES;
				CLANG_ENABLE_OBJC_ARC = YES;
				CLANG_WARN_BOOL_CONVERSION = YES;
				CLANG_WARN_CONSTANT_CONVERSION = YES;
				CLANG_WARN_DIRECT_OBJC_ISA_USAGE = YES_ERROR;
				CLANG_WARN_DOCUMENTATION_COMMENTS = YES;
				CLANG_WARN_EMPTY_BODY = YES;
				CLANG_WARN_ENUM_CONVERSION = YES;
				CLANG_WARN_INFINITE_RECURSION = YES;
				CLANG_WARN_INT_CONVERSION = YES;
				CLANG_WARN_OBJC_ROOT_CLASS = YES_ERROR;
				CLANG_WARN_SUSPICIOUS_MOVES = YES;
				CLANG_WARN_UNREACHABLE_CODE = YES;
				CLANG_WARN__DUPLICATE_METHOD_MATCH = YES;
				"CODE_SIGN_IDENTITY[sdk=iphoneos*]" = "iPhone Developer";
				COPY_PHASE_STRIP = NO;
				DEBUG_INFORMATION_FORMAT = "dwarf-with-dsym";
				ENABLE_NS_ASSERTIONS = NO;
				ENABLE_STRICT_OBJC_MSGSEND = YES;
				GCC_C_LANGUAGE_STANDARD = gnu99;
				GCC_NO_COMMON_BLOCKS = YES;
				GCC_WARN_64_TO_32_BIT_CONVERSION = YES;
				GCC_WARN_ABOUT_RETURN_TYPE = YES_ERROR;
				GCC_WARN_UNDECLARED_SELECTOR = YES;
				GCC_WARN_UNINITIALIZED_AUTOS = YES_AGGRESSIVE;
				GCC_WARN_UNUSED_FUNCTION = YES;
				GCC_WARN_UNUSED_VARIABLE = YES;
				IPHONEOS_DEPLOYMENT_TARGET = 10.0;
				MTL_ENABLE_DEBUG_INFO = NO;
				SDKROOT = iphoneos;
				SWIFT_OPTIMIZATION_LEVEL = "-Owholemodule";
				TARGETED_DEVICE_FAMILY = "1,2";
				VALIDATE_PRODUCT = YES;
			};
			name = Release;
		};
		337B43A81DB2F173000A187F /* Debug */ = {
			isa = XCBuildConfiguration;
			buildSettings = {
				ASSETCATALOG_COMPILER_APPICON_NAME = AppIcon;
				DEVELOPMENT_TEAM = M75P83B9SJ;
				INFOPLIST_FILE = plist3/Info.plist;
				LD_RUNPATH_SEARCH_PATHS = "$(inherited) @executable_path/Frameworks";
				PRODUCT_BUNDLE_IDENTIFIER = net.cdmackenzie.plist3;
				PRODUCT_NAME = "$(TARGET_NAME)";
				SWIFT_VERSION = 3.0;
			};
			name = Debug;
		};
		337B43A91DB2F173000A187F /* Release */ = {
			isa = XCBuildConfiguration;
			buildSettings = {
				ASSETCATALOG_COMPILER_APPICON_NAME = AppIcon;
				DEVELOPMENT_TEAM = M75P83B9SJ;
				INFOPLIST_FILE = plist3/Info.plist;
				LD_RUNPATH_SEARCH_PATHS = "$(inherited) @executable_path/Frameworks";
				PRODUCT_BUNDLE_IDENTIFIER = net.cdmackenzie.plist3;
				PRODUCT_NAME = "$(TARGET_NAME)";
				SWIFT_VERSION = 3.0;
			};
			name = Release;
		};
/* End XCBuildConfiguration section */

/* Begin XCConfigurationList section */
		337B43901DB2F173000A187F /* Build configuration list for PBXProject "plist3" */ = {
			isa = XCConfigurationList;
			buildConfigurations = (
				337B43A51DB2F173000A187F /* Debug */,
				337B43A61DB2F173000A187F /* Release */,
			);
			defaultConfigurationIsVisible = 0;
			defaultConfigurationName = Release;
		};
		337B43A71DB2F173000A187F /* Build configuration list for PBXNativeTarget "plist3" */ = {
			isa = XCConfigurationList;
			buildConfigurations = (
				337B43A81DB2F173000A187F /* Debug */,
				337B43A91DB2F173000A187F /* Release */,
			);
			defaultConfigurationIsVisible = 0;
		};
/* End XCConfigurationList section */
	};
	rootObject = 337B438D1DB2F173000A187F /* Project object */;
}
