// !$*UTF8*$!
{
	archiveVersion = 1;
	classes = {
	};
	objectVersion = 46;
	objects = {

/* Begin PBXBuildFile section */
		337B43991DB2F173000A187F /* AppDelegate.swift in Sources */ = {isa = PBXBuildFile; fileRef = 337B43981DB2F173000A187F /* AppDelegate.swift */; };
		337B439B1DB2F173000A187F /* ViewController.swift in Sources */ = {isa = PBXBuildFile; fileRef = 337B439A1DB2F173000A187F /* ViewController.swift */; };
		337B439E1DB2F173000A187F /* Main.storyboard in Resources */ = {isa = PBXBuildFile; fileRef = 337B439C1DB2F173000A187F /* Main.storyboard */; };
		337B43A01DB2F173000A187F /* Assets.xcassets in Resources */ = {isa = PBXBuildFile; fileRef = 337B439F1DB2F173000A187F /* Assets.xcassets */; };
		337B43A31DB2F173000A187F /* LaunchScreen.storyboard in Resources */ = {isa = PBXBuildFile; fileRef = 337B43A11DB2F173000A187F /* LaunchScreen.storyboard */; };
/* End PBXBuildFile section */

/* Begin PBXFileReference section */
		337B43951DB2F173000A187F /* plist3.app */ = {isa = PBXFileReference; explicitFileType = wrapper.application; includeInIndex = 0; path = plist3.app; sourceTree = BUILT_PRODUCTS_DIR; };
		337B43981DB2F173000A187F /* AppDelegate.swift */ = {isa = PBXFileReference; lastKnownFileType = sourcecode.swift; path = AppDelegate.swift; sourceTree = "<group>"; };
		337B439A1DB2F173000A187F /* ViewController.swift */ = {isa = PBXFileReference; lastKnownFileType = sourcecode.swift; path = ViewController.swift; sourceTree = "<group>"; };
		337B439D1DB2F173000A187F /* Base */ = {isa = PBXFileReference; lastKnownFileType = file.storyboard; name = Base; path = Base.lproj/Main.storyboard; sourceTree = "<group>"; };
		337B439F1DB2F173000A187F /* Assets.xcassets */ = {isa = PBXFileReference; lastKnownFileType = folder.assetcatalog; path = Assets.xcassets; sourceTree = "<group>"; };
		337B43A21DB2F173000A187F /* Base */ = {isa = PBXFileReference; lastKnownFileType = file.storyboard; name = Base; path = Base.lproj/LaunchScreen.storyboard; sourceTree = "<group>"; };
		337B43A41DB2F173000A187F /* Info.plist */ = {isa = PBXFileReference; lastKnownFileType = text.plist.xml; path = Info.plist; sourceTree = "<group>"; };
/* End PBXFileReference section */

/* Begin PBXFrameworksBuildPhase section */
		337B43921DB2F173000A187F /* Frameworks */ = {
			isa = PBXFrameworksBuildPhase;
			buildActionMask = 2147483647;
			files = (
			);
			runOnlyForDeploymentPostprocessing = 0;
		};
/* End PBXFrameworksBuildPhase section */

/* Begin PBXGroup section */
		337B438C1DB2F173000A187F = {
			isa = PBXGroup;
			children = (
				337B43971DB2F173000A187F /* plist3 */,
				337B43961DB2F173000A187F /* Products */,
			);
			sourceTree = "<group>";
		};
		337B43961DB2F173000A187F /* Products */ = {
			isa = PBXGroup;
			children = (
				337B43951DB2F173000A187F /* plist3.app */,
			);
			name = Products;
			sourceTree = "<group>";
		};
		337B43971DB2F173000A187F /* plist3 */ = {
			isa = PBXGroup;
			children = (
				337B43981DB2F173000A187F /* AppDelegate.swift */,
				337B439A1DB2F173000A187F /* ViewController.swift */,
				337B439C1DB2F173000A187F /* Main.storyboard */,
				337B439F1DB2F173000A187F /* Assets.xcassets */,
				337B43A11DB2F173000A187F /* LaunchScreen.storyboard */,
				337B43A41DB2F173000A187F /* Info.plist */,
			);
			path = plist3;
			sourceTree = "<group>";
		};
/* End PBXGroup section */

/* Begin PBXNativeTarget section */
		337B43941DB2F173000A187F /* plist3 */ = {
			isa = PBXNativeTarget;
			buildConfigurationList = 337B43A71DB2F173000A187F /* Build configuration list for PBXNativeTarget "plist3" */;
			buildPhases = (
				337B43911DB2F173000A187F /* Sources */,
				337B43921DB2F173000A187F /* Frameworks */,
				337B43931DB2F173000A187F /* Resources */,
			);
			buildRules = (
			);
			dependencies = (
			);
			name = plist3;
			productName = plist3;
			productReference = 337B43951DB2F173000A187F /* plist3.app */;
			productType = "com.apple.product-type.application";
		};
/* End PBXNativeTarget section */

/* Begin PBXProject section */
		337B438D1DB2F173000A187F /* Project object */ = {
			isa = PBXProject;
			attributes = {
				LastSwiftUpdateCheck = 0800;
				LastUpgradeCheck = 0800;
				ORGANIZATIONNAME = cdmackenzie;
				TargetAttributes = {
					337B43941DB2F173000A187F = {
						CreatedOnToolsVersion = 8.0;
						DevelopmentTeam = M75P83B9SJ;
						ProvisioningStyle = Automatic;
					};
				};
			};
			buildConfigurationList = 337B43901DB2F173000A187F /* Build configuration list for PBXProject "plist3" */;
			compatibilityVersion = "Xcode 3.2";
			developmentRegion = English;
			hasScannedForEncodings = 0;
			knownRegions = (
				en,
				Base,
			);
			mainGroup = 337B438C1DB2F173000A187F;
			productRefGroup = 337B43961DB2F173000A187F /* Products */;
			projectDirPath = "";
			projectRoot = "";
			targets = (
				337B43941DB2F173000A187F /* plist3 */,
			);
		};
/* End PBXProject section */

/* Begin PBXResourcesBuildPhase section */
		337B43931DB2F173000A187F /* Resources */ = {
			isa = PBXResourcesBuildPhase;
			buildActionMask = 2147483647;
			files = (
				337B43A31DB2F173000A187F /* LaunchScreen.storyboard in Resources */,
				337B43A01DB2F173000A187F /* Assets.xcassets in Resources */,
				337B439E1DB2F173000A187F /* Main.storyboard in Resources */,
			);
			runOnlyForDeploymentPostprocessing = 0;
		};
/* End PBXResourcesBuildPhase section */

/* Begin PBXSourcesBuildPhase section */
		337B43911DB2F173000A187F /* Sources */ = {
			isa = PBXSourcesBuildPhase;
			buildActionMask = 2147483647;
			files = (
				337B439B1DB2F173000A187F /* ViewController.swift in Sources */,
				337B43991DB2F173000A187F /* AppDelegate.swift in Sources */,
			);
			runOnlyForDeploymentPostprocessing = 0;
		};
/* End PBXSourcesBuildPhase section */

/* Begin PBXVariantGroup section */
		337B439C1DB2F173000A187F /* Main.storyboard */ = {
			isa = PBXVariantGroup;
			children = (
				337B439D1DB2F173000A187F /* Base */,
			);
			name = Main.storyboard;
			sourceTree = "<group>";
		};
		337B43A11DB2F173000A187F /* LaunchScreen.storyboard */ = {
			isa = PBXVariantGroup;
			children = (
				337B43A21DB2F173000A187F /* Base */,
			);
			name = LaunchScreen.storyboard;
			sourceTree = "<group>";
		};
/* End PBXVariantGroup section */

/* Begin XCBuildConfiguration section */
		337B43A51DB2F173000A187F /* Debug */ = {
			isa = XCBuildConfiguration;
			buildSettings = {
				ALWAYS_SEARCH_USER_PATHS = NO;
				CLANG_ANALYZER_NONNULL = YES;
				CLANG_CXX_LANGUAGE_STANDARD = "gnu++0x";
				CLANG_CXX_LIBRARY = "libc++";
				CLANG_ENABLE_MODULES = YES;
				CLANG_ENABLE_OBJC_ARC = YES;
				CLANG_WARN_BOOL_CONVERSION = YES;
				CLANG_WARN_CONSTANT_CONVERSION = YES;
				CLANG_WARN_DIRECT_OBJC_ISA_USAGE = YES_ERROR;
				CLANG_WARN_DOCUMENTATION_COMMENTS = YES;
				CLANG_WARN_EMPTY_BODY = YES;
				CLANG_WARN_ENUM_CONVERSION = YES;
				CLANG_WARN_INFINITE_RECURSION = YES;
				CLANG_WARN_INT_CONVERSION = YES;
				CLANG_WARN_OBJC_ROOT_CLASS = YES_ERROR;
				CLANG_WARN_SUSPICIOUS_MOVES = YES;
				CLANG_WARN_UNREACHABLE_CODE = YES;
				CLANG_WARN__DUPLICATE_METHOD_MATCH = YES;
				"CODE_SIGN_IDENTITY[sdk=iphoneos*]" = "iPhone Developer";
				COPY_PHASE_STRIP = NO;
				DEBUG_INFORMATION_FORMAT = dwarf;
				ENABLE_STRICT_OBJC_MSGSEND = YES;
				ENABLE_TESTABILITY = YES;
				GCC_C_LANGUAGE_STANDARD = gnu99;
				GCC_DYNAMIC_NO_PIC = NO;
				GCC_NO_COMMON_BLOCKS = YES;
				GCC_OPTIMIZATION_LEVEL = 0;
				GCC_PREPROCESSOR_DEFINITIONS = (
					"DEBUG=1",
					"$(inherited)",
				);
				GCC_WARN_64_TO_32_BIT_CONVERSION = YES;
				GCC_WARN_ABOUT_RETURN_TYPE = YES_ERROR;
				GCC_WARN_UNDECLARED_SELECTOR = YES;
				GCC_WARN_UNINITIALIZED_AUTOS = YES_AGGRESSIVE;
				GCC_WARN_UNUSED_FUNCTION = YES;
				GCC_WARN_UNUSED_VARIABLE = YES;
				IPHONEOS_DEPLOYMENT_TARGET = 10.0;
				MTL_ENABLE_DEBUG_INFO = YES;
				ONLY_ACTIVE_ARCH = YES;
				SDKROOT = iphoneos;
				SWIFT_ACTIVE_COMPILATION_CONDITIONS = DEBUG;
				SWIFT_OPTIMIZATION_LEVEL = "-Onone";
				TARGETED_DEVICE_FAMILY = "1,2";
			};
			name = Debug;
		};
		337B43A61DB2F173000A187F /* Release */ = {
			isa = XCBuildConfiguration;
			buildSettings = {
				ALWAYS_SEARCH_USER_PATHS = NO;
				CLANG_ANALYZER_NONNULL = YES;
				CLANG_CXX_LANGUAGE_STANDARD = "gnu++0x";
				CLANG_CXX_LIBRARY = "libc++";
				CLANG_ENABLE_MODULES = YES;
				CLANG_ENABLE_OBJC_ARC = YES;
				CLANG_WARN_BOOL_CONVERSION = YES;
				CLANG_WARN_CONSTANT_CONVERSION = YES;
				CLANG_WARN_DIRECT_OBJC_ISA_USAGE = YES_ERROR;
				CLANG_WARN_DOCUMENTATION_COMMENTS = YES;
				CLANG_WARN_EMPTY_BODY = YES;
				CLANG_WARN_ENUM_CONVERSION = YES;
				CLANG_WARN_INFINITE_RECURSION = YES;
				CLANG_WARN_INT_CONVERSION = YES;
				CLANG_WARN_OBJC_ROOT_CLASS = YES_ERROR;
				CLANG_WARN_SUSPICIOUS_MOVES = YES;
				CLANG_WARN_UNREACHABLE_CODE = YES;
				CLANG_WARN__DUPLICATE_METHOD_MATCH = YES;
				"CODE_SIGN_IDENTITY[sdk=iphoneos*]" = "iPhone Developer";
				COPY_PHASE_STRIP = NO;
				DEBUG_INFORMATION_FORMAT = "dwarf-with-dsym";
				ENABLE_NS_ASSERTIONS = NO;
				ENABLE_STRICT_OBJC_MSGSEND = YES;
				GCC_C_LANGUAGE_STANDARD = gnu99;
				GCC_NO_COMMON_BLOCKS = YES;
				GCC_WARN_64_TO_32_BIT_CONVERSION = YES;
				GCC_WARN_ABOUT_RETURN_TYPE = YES_ERROR;
				GCC_WARN_UNDECLARED_SELECTOR = YES;
				GCC_WARN_UNINITIALIZED_AUTOS = YES_AGGRESSIVE;
				GCC_WARN_UNUSED_FUNCTION = YES;
				GCC_WARN_UNUSED_VARIABLE = YES;
				IPHONEOS_DEPLOYMENT_TARGET = 10.0;
				MTL_ENABLE_DEBUG_INFO = NO;
				SDKROOT = iphoneos;
				SWIFT_OPTIMIZATION_LEVEL = "-Owholemodule";
				TARGETED_DEVICE_FAMILY = "1,2";
				VALIDATE_PRODUCT = YES;
			};
			name = Release;
		};
		337B43A81DB2F173000A187F /* Debug */ = {
			isa = XCBuildConfiguration;
			buildSettings = {
				ASSETCATALOG_COMPILER_APPICON_NAME = AppIcon;
				DEVELOPMENT_TEAM = M75P83B9SJ;
				INFOPLIST_FILE = plist3/Info.plist;
				LD_RUNPATH_SEARCH_PATHS = "$(inherited) @executable_path/Frameworks";
				PRODUCT_BUNDLE_IDENTIFIER = net.cdmackenzie.plist3;
				PRODUCT_NAME = "$(TARGET_NAME)";
				SWIFT_VERSION = 3.0;
			};
			name = Debug;
		};
		337B43A91DB2F173000A187F /* Release */ = {
			isa = XCBuildConfiguration;
			buildSettings = {
				ASSETCATALOG_COMPILER_APPICON_NAME = AppIcon;
				DEVELOPMENT_TEAM = M75P83B9SJ;
				INFOPLIST_FILE = plist3/Info.plist;
				LD_RUNPATH_SEARCH_PATHS = "$(inherited) @executable_path/Frameworks";
				PRODUCT_BUNDLE_IDENTIFIER = net.cdmackenzie.plist3;
				PRODUCT_NAME = "$(TARGET_NAME)";
				SWIFT_VERSION = 3.0;
			};
			name = Release;
		};
/* End XCBuildConfiguration section */

/* Begin XCConfigurationList section */
		337B43901DB2F173000A187F /* Build configuration list for PBXProject "plist3" */ = {
			isa = XCConfigurationList;
			buildConfigurations = (
				337B43A51DB2F173000A187F /* Debug */,
				337B43A61DB2F173000A187F /* Release */,
			);
			defaultConfigurationIsVisible = 0;
			defaultConfigurationName = Release;
		};
		337B43A71DB2F173000A187F /* Build configuration list for PBXNativeTarget "plist3" */ = {
			isa = XCConfigurationList;
			buildConfigurations = (
				337B43A81DB2F173000A187F /* Debug */,
				337B43A91DB2F173000A187F /* Release */,
			);
			defaultConfigurationIsVisible = 0;
		};
/* End XCConfigurationList section */
	};
	rootObject = 337B438D1DB2F173000A187F /* Project object */;
}
